{
  "name": "sandbox-npm",
  "version": "1.0.0",
  "lockfileVersion": 3,
  "packages": {
    "": {
      "name": "sandbox-npm",
      "version": "1.0.0",
      "dependencies": {
        "direct-package": "1.0.0"
      }
    },
    "node_modules/direct-package": {
      "version": "1.0.0",
      "license": "MIT",
      "dependencies": {
        "shared-package": "2.0.0"
      }
    },
    "node_modules/shared-package": {
      "version": "2.0.0",
      "license": "Apache-2.0"
    }
  }
}
