{
  "name": "root-app",
  "version": "1.0.0",
  "lockfileVersion": 3,
  "requires": true,
  "packages": {
    "": {
      "name": "root-app",
      "version": "1.0.0",
      "dependencies": {
        "alpha": "1.0.0",
        "shared": "1.0.0",
        "workspace-a": "file:packages/a"
      },
      "optionalDependencies": {
        "native-addon": "3.0.0"
      },
      "devDependencies": {
        "dev-tool": "4.0.0"
      },
      "peerDependencies": {
        "peer-host": "5.0.0"
      }
    },
    "node_modules/alpha": {
      "version": "1.0.0",
      "license": "MIT",
      "dependencies": {
        "shared": "1.0.0"
      }
    },
    "node_modules/alpha/node_modules/shared": {
      "version": "1.0.0",
      "license": "Apache-2.0"
    },
    "node_modules/shared": {
      "version": "1.0.0",
      "license": "MIT"
    },
    "node_modules/native-addon": {
      "version": "3.0.0",
      "optional": true,
      "os": ["linux", "!win32"],
      "cpu": ["x64"],
      "license": "MIT"
    },
    "node_modules/dev-tool": {
      "version": "4.0.0",
      "dev": true,
      "license": "MIT"
    },
    "node_modules/peer-host": {
      "version": "5.0.0",
      "peer": true,
      "license": "MIT"
    },
    "node_modules/workspace-a": {
      "resolved": "packages/a",
      "link": true
    },
    "packages/a": {
      "name": "workspace-a",
      "version": "1.0.0",
      "dependencies": {
        "shared": "1.0.0",
        "workspace-only": "6.0.0"
      }
    },
    "node_modules/workspace-only": {
      "version": "6.0.0",
      "license": "MIT"
    }
  }
}
