# THIS IS AN AUTOGENERATED FILE. DO NOT EDIT THIS FILE DIRECTLY.
# yarn lockfile v1

direct-package@^1.0.0:
  version "1.0.1"
  dependencies:
    shared-package "^2.0.0"
  optionalDependencies:
    optional-child "^3.0.0"

shared-package@^2.0.0, shared-package@~2.0.0:
  version "2.1.0"

optional-child@^3.0.0:
  version "3.0.0"
